
Microsoft Visual Studio Solution File, Format Version 12.00
# Visual Studio 15
VisualStudioVersion = 15.0.28010.2003
MinimumVisualStudioVersion = 10.0.40219.1
Project("{FAE04EC0-301F-11D3-BF4B-00C04F79EFBC}") = "CSDrill_Generic", "CSDrill_Generic\CSDrill_Generic.csproj", "{32C39355-CF21-4A24-8721-B3B91136556E}"
EndProject
Global
	GlobalSection(SolutionConfigurationPlatforms) = preSolution
		Debug|Any CPU = Debug|Any CPU
		Release|Any CPU = Release|Any CPU
	EndGlobalSection
	GlobalSection(ProjectConfigurationPlatforms) = postSolution
		{32C39355-CF21-4A24-8721-B3B91136556E}.Debug|Any CPU.ActiveCfg = Debug|Any CPU
		{32C39355-CF21-4A24-8721-B3B91136556E}.Debug|Any CPU.Build.0 = Debug|Any CPU
		{32C39355-CF21-4A24-8721-B3B91136556E}.Release|Any CPU.ActiveCfg = Release|Any CPU
		{32C39355-CF21-4A24-8721-B3B91136556E}.Release|Any CPU.Build.0 = Release|Any CPU
	EndGlobalSection
	GlobalSection(SolutionProperties) = preSolution
		HideSolutionNode = FALSE
	EndGlobalSection
	GlobalSection(ExtensibilityGlobals) = postSolution
		SolutionGuid = {C273032C-E8C7-43E6-BF6A-714504174F58}
	EndGlobalSection
EndGlobal
