
Microsoft Visual Studio Solution File, Format Version 12.00
# Visual Studio 15
VisualStudioVersion = 15.0.28010.2003
MinimumVisualStudioVersion = 10.0.40219.1
Project("{FAE04EC0-301F-11D3-BF4B-00C04F79EFBC}") = "CSDrill_MVC", "CSDrill_MVC\CSDrill_MVC.csproj", "{5EE3D2E0-DF7C-4232-9F6C-3268BDC6606B}"
EndProject
Global
	GlobalSection(SolutionConfigurationPlatforms) = preSolution
		Debug|Any CPU = Debug|Any CPU
		Release|Any CPU = Release|Any CPU
	EndGlobalSection
	GlobalSection(ProjectConfigurationPlatforms) = postSolution
		{5EE3D2E0-DF7C-4232-9F6C-3268BDC6606B}.Debug|Any CPU.ActiveCfg = Debug|Any CPU
		{5EE3D2E0-DF7C-4232-9F6C-3268BDC6606B}.Debug|Any CPU.Build.0 = Debug|Any CPU
		{5EE3D2E0-DF7C-4232-9F6C-3268BDC6606B}.Release|Any CPU.ActiveCfg = Release|Any CPU
		{5EE3D2E0-DF7C-4232-9F6C-3268BDC6606B}.Release|Any CPU.Build.0 = Release|Any CPU
	EndGlobalSection
	GlobalSection(SolutionProperties) = preSolution
		HideSolutionNode = FALSE
	EndGlobalSection
	GlobalSection(ExtensibilityGlobals) = postSolution
		SolutionGuid = {12FDDDB0-9851-4540-B2B3-1978DDF5183A}
	EndGlobalSection
EndGlobal
