
Microsoft Visual Studio Solution File, Format Version 12.00
# Visual Studio 15
VisualStudioVersion = 15.0.28010.2003
MinimumVisualStudioVersion = 10.0.40219.1
Project("{FAE04EC0-301F-11D3-BF4B-00C04F79EFBC}") = "iterations", "iterations\iterations.csproj", "{9F88A7D0-1644-418E-9565-DE55795B7EB0}"
EndProject
Global
	GlobalSection(SolutionConfigurationPlatforms) = preSolution
		Debug|Any CPU = Debug|Any CPU
		Release|Any CPU = Release|Any CPU
	EndGlobalSection
	GlobalSection(ProjectConfigurationPlatforms) = postSolution
		{9F88A7D0-1644-418E-9565-DE55795B7EB0}.Debug|Any CPU.ActiveCfg = Debug|Any CPU
		{9F88A7D0-1644-418E-9565-DE55795B7EB0}.Debug|Any CPU.Build.0 = Debug|Any CPU
		{9F88A7D0-1644-418E-9565-DE55795B7EB0}.Release|Any CPU.ActiveCfg = Release|Any CPU
		{9F88A7D0-1644-418E-9565-DE55795B7EB0}.Release|Any CPU.Build.0 = Release|Any CPU
	EndGlobalSection
	GlobalSection(SolutionProperties) = preSolution
		HideSolutionNode = FALSE
	EndGlobalSection
	GlobalSection(ExtensibilityGlobals) = postSolution
		SolutionGuid = {91FD64B3-5FFC-4CB6-B62F-0769E7718490}
	EndGlobalSection
EndGlobal
