
Microsoft Visual Studio Solution File, Format Version 12.00
# Visual Studio 15
VisualStudioVersion = 15.0.28010.2003
MinimumVisualStudioVersion = 10.0.40219.1
Project("{FAE04EC0-301F-11D3-BF4B-00C04F79EFBC}") = "CSDrill_OptionalParameters", "CSDrill_OptionalParameters\CSDrill_OptionalParameters.csproj", "{A2699C8D-4E1B-42FB-B7DC-D505E6567082}"
EndProject
Global
	GlobalSection(SolutionConfigurationPlatforms) = preSolution
		Debug|Any CPU = Debug|Any CPU
		Release|Any CPU = Release|Any CPU
	EndGlobalSection
	GlobalSection(ProjectConfigurationPlatforms) = postSolution
		{A2699C8D-4E1B-42FB-B7DC-D505E6567082}.Debug|Any CPU.ActiveCfg = Debug|Any CPU
		{A2699C8D-4E1B-42FB-B7DC-D505E6567082}.Debug|Any CPU.Build.0 = Debug|Any CPU
		{A2699C8D-4E1B-42FB-B7DC-D505E6567082}.Release|Any CPU.ActiveCfg = Release|Any CPU
		{A2699C8D-4E1B-42FB-B7DC-D505E6567082}.Release|Any CPU.Build.0 = Release|Any CPU
	EndGlobalSection
	GlobalSection(SolutionProperties) = preSolution
		HideSolutionNode = FALSE
	EndGlobalSection
	GlobalSection(ExtensibilityGlobals) = postSolution
		SolutionGuid = {EAA1B98B-968B-4CB1-AA9A-492015C40CEC}
	EndGlobalSection
EndGlobal
