
Microsoft Visual Studio Solution File, Format Version 12.00
# Visual Studio 15
VisualStudioVersion = 15.0.28010.2003
MinimumVisualStudioVersion = 10.0.40219.1
Project("{FAE04EC0-301F-11D3-BF4B-00C04F79EFBC}") = "CSDrill_Enums", "CSDrill_Enums\CSDrill_Enums.csproj", "{A52B354D-B762-4C64-B7F3-B4EB380D6191}"
EndProject
Global
	GlobalSection(SolutionConfigurationPlatforms) = preSolution
		Debug|Any CPU = Debug|Any CPU
		Release|Any CPU = Release|Any CPU
	EndGlobalSection
	GlobalSection(ProjectConfigurationPlatforms) = postSolution
		{A52B354D-B762-4C64-B7F3-B4EB380D6191}.Debug|Any CPU.ActiveCfg = Debug|Any CPU
		{A52B354D-B762-4C64-B7F3-B4EB380D6191}.Debug|Any CPU.Build.0 = Debug|Any CPU
		{A52B354D-B762-4C64-B7F3-B4EB380D6191}.Release|Any CPU.ActiveCfg = Release|Any CPU
		{A52B354D-B762-4C64-B7F3-B4EB380D6191}.Release|Any CPU.Build.0 = Release|Any CPU
	EndGlobalSection
	GlobalSection(SolutionProperties) = preSolution
		HideSolutionNode = FALSE
	EndGlobalSection
	GlobalSection(ExtensibilityGlobals) = postSolution
		SolutionGuid = {E9F66517-F3C9-454D-B35D-0E7A84DDE8DD}
	EndGlobalSection
EndGlobal
