
Microsoft Visual Studio Solution File, Format Version 12.00
# Visual Studio 15
VisualStudioVersion = 15.0.28010.2003
MinimumVisualStudioVersion = 10.0.40219.1
Project("{FAE04EC0-301F-11D3-BF4B-00C04F79EFBC}") = "CSDrill_Math_Operations", "CSDrill_Math_Operations\CSDrill_Math_Operations.csproj", "{01C26A04-4895-484D-B42A-D91E87E7A5CC}"
EndProject
Global
	GlobalSection(SolutionConfigurationPlatforms) = preSolution
		Debug|Any CPU = Debug|Any CPU
		Release|Any CPU = Release|Any CPU
	EndGlobalSection
	GlobalSection(ProjectConfigurationPlatforms) = postSolution
		{01C26A04-4895-484D-B42A-D91E87E7A5CC}.Debug|Any CPU.ActiveCfg = Debug|Any CPU
		{01C26A04-4895-484D-B42A-D91E87E7A5CC}.Debug|Any CPU.Build.0 = Debug|Any CPU
		{01C26A04-4895-484D-B42A-D91E87E7A5CC}.Release|Any CPU.ActiveCfg = Release|Any CPU
		{01C26A04-4895-484D-B42A-D91E87E7A5CC}.Release|Any CPU.Build.0 = Release|Any CPU
	EndGlobalSection
	GlobalSection(SolutionProperties) = preSolution
		HideSolutionNode = FALSE
	EndGlobalSection
	GlobalSection(ExtensibilityGlobals) = postSolution
		SolutionGuid = {CE3874CE-0792-460D-B279-613B80AE23F2}
	EndGlobalSection
EndGlobal
