
Microsoft Visual Studio Solution File, Format Version 12.00
# Visual Studio 15
VisualStudioVersion = 15.0.28010.2003
MinimumVisualStudioVersion = 10.0.40219.1
Project("{FAE04EC0-301F-11D3-BF4B-00C04F79EFBC}") = "CSDrill_Concatenate_Stringbuilder", "CSDrill_Concatenate_Stringbuilder\CSDrill_Concatenate_Stringbuilder.csproj", "{9039C5B5-17FE-411A-AF52-001ED677114D}"
EndProject
Global
	GlobalSection(SolutionConfigurationPlatforms) = preSolution
		Debug|Any CPU = Debug|Any CPU
		Release|Any CPU = Release|Any CPU
	EndGlobalSection
	GlobalSection(ProjectConfigurationPlatforms) = postSolution
		{9039C5B5-17FE-411A-AF52-001ED677114D}.Debug|Any CPU.ActiveCfg = Debug|Any CPU
		{9039C5B5-17FE-411A-AF52-001ED677114D}.Debug|Any CPU.Build.0 = Debug|Any CPU
		{9039C5B5-17FE-411A-AF52-001ED677114D}.Release|Any CPU.ActiveCfg = Release|Any CPU
		{9039C5B5-17FE-411A-AF52-001ED677114D}.Release|Any CPU.Build.0 = Release|Any CPU
	EndGlobalSection
	GlobalSection(SolutionProperties) = preSolution
		HideSolutionNode = FALSE
	EndGlobalSection
	GlobalSection(ExtensibilityGlobals) = postSolution
		SolutionGuid = {DA81FAD2-9995-4E05-92C6-33D4F64F54B5}
	EndGlobalSection
EndGlobal
