
Microsoft Visual Studio Solution File, Format Version 12.00
# Visual Studio 15
VisualStudioVersion = 15.0.28010.2003
MinimumVisualStudioVersion = 10.0.40219.1
Project("{FAE04EC0-301F-11D3-BF4B-00C04F79EFBC}") = "CSDrill_Daily_Report", "CSDrill_Daily_Report\CSDrill_Daily_Report.csproj", "{8DD68315-7687-4571-886C-C12693D0677F}"
EndProject
Global
	GlobalSection(SolutionConfigurationPlatforms) = preSolution
		Debug|Any CPU = Debug|Any CPU
		Release|Any CPU = Release|Any CPU
	EndGlobalSection
	GlobalSection(ProjectConfigurationPlatforms) = postSolution
		{8DD68315-7687-4571-886C-C12693D0677F}.Debug|Any CPU.ActiveCfg = Debug|Any CPU
		{8DD68315-7687-4571-886C-C12693D0677F}.Debug|Any CPU.Build.0 = Debug|Any CPU
		{8DD68315-7687-4571-886C-C12693D0677F}.Release|Any CPU.ActiveCfg = Release|Any CPU
		{8DD68315-7687-4571-886C-C12693D0677F}.Release|Any CPU.Build.0 = Release|Any CPU
	EndGlobalSection
	GlobalSection(SolutionProperties) = preSolution
		HideSolutionNode = FALSE
	EndGlobalSection
	GlobalSection(ExtensibilityGlobals) = postSolution
		SolutionGuid = {2800760E-9178-4BCC-B34D-B98C732C35F5}
	EndGlobalSection
EndGlobal
