
Microsoft Visual Studio Solution File, Format Version 12.00
# Visual Studio 15
VisualStudioVersion = 15.0.28010.2003
MinimumVisualStudioVersion = 10.0.40219.1
Project("{FAE04EC0-301F-11D3-BF4B-00C04F79EFBC}") = "Exceptions", "Exceptions\Exceptions.csproj", "{467F8B4A-91C7-4D2C-9947-2CCBC8B80E32}"
EndProject
Global
	GlobalSection(SolutionConfigurationPlatforms) = preSolution
		Debug|Any CPU = Debug|Any CPU
		Release|Any CPU = Release|Any CPU
	EndGlobalSection
	GlobalSection(ProjectConfigurationPlatforms) = postSolution
		{467F8B4A-91C7-4D2C-9947-2CCBC8B80E32}.Debug|Any CPU.ActiveCfg = Debug|Any CPU
		{467F8B4A-91C7-4D2C-9947-2CCBC8B80E32}.Debug|Any CPU.Build.0 = Debug|Any CPU
		{467F8B4A-91C7-4D2C-9947-2CCBC8B80E32}.Release|Any CPU.ActiveCfg = Release|Any CPU
		{467F8B4A-91C7-4D2C-9947-2CCBC8B80E32}.Release|Any CPU.Build.0 = Release|Any CPU
	EndGlobalSection
	GlobalSection(SolutionProperties) = preSolution
		HideSolutionNode = FALSE
	EndGlobalSection
	GlobalSection(ExtensibilityGlobals) = postSolution
		SolutionGuid = {B3C185D7-23B3-4C99-8162-3BC292306F82}
	EndGlobalSection
EndGlobal
